
Microsoft Visual Studio Solution File, Format Version 12.00
# Visual Studio 15
VisualStudioVersion = 15.0.27130.2027
MinimumVisualStudioVersion = 10.0.40219.1
Project("{9092AA53-FB77-4645-B42D-1CCCA6BD08BD}") = "NodeApp", "NodeApp\NodeApp.njsproj", "{95C08FA8-62D1-4B26-9B29-AC7DF1AAB4C3}"
EndProject
Global
	GlobalSection(SolutionConfigurationPlatforms) = preSolution
		Debug|Any CPU = Debug|Any CPU
		Release|Any CPU = Release|Any CPU
	EndGlobalSection
	GlobalSection(ProjectConfigurationPlatforms) = postSolution
		{95C08FA8-62D1-4B26-9B29-AC7DF1AAB4C3}.Debug|Any CPU.ActiveCfg = Debug|Any CPU
		{95C08FA8-62D1-4B26-9B29-AC7DF1AAB4C3}.Debug|Any CPU.Build.0 = Debug|Any CPU
		{95C08FA8-62D1-4B26-9B29-AC7DF1AAB4C3}.Release|Any CPU.ActiveCfg = Release|Any CPU
		{95C08FA8-62D1-4B26-9B29-AC7DF1AAB4C3}.Release|Any CPU.Build.0 = Release|Any CPU
	EndGlobalSection
	GlobalSection(SolutionProperties) = preSolution
		HideSolutionNode = FALSE
	EndGlobalSection
	GlobalSection(ExtensibilityGlobals) = postSolution
		SolutionGuid = {EF1C519E-F69C-4E56-935D-C84596D42972}
	EndGlobalSection
EndGlobal
